
Microsoft Visual Studio Solution File, Format Version 12.00
# Visual Studio Version 17
VisualStudioVersion = 17.13.35931.197
MinimumVisualStudioVersion = 10.0.40219.1
Project("{FAE04EC0-301F-11D3-BF4B-00C04F79EFBC}") = "ClientCore", "src\ClientCore\ClientCore.csproj", "{DFC711AA-3E63-40D1-ADA6-937609A9C42D}"
EndProject
Project("{FAE04EC0-301F-11D3-BF4B-00C04F79EFBC}") = "ClientJson", "src\ClientJson\ClientJson.csproj", "{3835D2FF-0F43-47AF-95FE-1A547FC61892}"
EndProject
Project("{FAE04EC0-301F-11D3-BF4B-00C04F79EFBC}") = "ActormixerSanitizer.Core", "src\ActormixerSanitizer\ActormixerSanitizer.Core\ActormixerSanitizer.Core.csproj", "{24B7B6C6-C47E-4DCD-E56C-02C367E1DE66}"
EndProject
Project("{FAE04EC0-301F-11D3-BF4B-00C04F79EFBC}") = "ActormixerSanitizer.UI", "src\ActormixerSanitizer\ActormixerSanitizer.UI\ActormixerSanitizer.UI.csproj", "{EF55128D-D8F8-D57A-23D7-0184A6D6C6DC}"
EndProject
Global
	GlobalSection(SolutionConfigurationPlatforms) = preSolution
		Debug|Any CPU = Debug|Any CPU
		Debug|x64 = Debug|x64
		Debug|x86 = Debug|x86
		Release|Any CPU = Release|Any CPU
		Release|x64 = Release|x64
		Release|x86 = Release|x86
	EndGlobalSection
	GlobalSection(ProjectConfigurationPlatforms) = postSolution
		{DFC711AA-3E63-40D1-ADA6-937609A9C42D}.Debug|Any CPU.ActiveCfg = Debug|Any CPU
		{DFC711AA-3E63-40D1-ADA6-937609A9C42D}.Debug|Any CPU.Build.0 = Debug|Any CPU
		{DFC711AA-3E63-40D1-ADA6-937609A9C42D}.Debug|x64.ActiveCfg = Debug|Any CPU
		{DFC711AA-3E63-40D1-ADA6-937609A9C42D}.Debug|x64.Build.0 = Debug|Any CPU
		{DFC711AA-3E63-40D1-ADA6-937609A9C42D}.Debug|x86.ActiveCfg = Debug|Any CPU
		{DFC711AA-3E63-40D1-ADA6-937609A9C42D}.Debug|x86.Build.0 = Debug|Any CPU
		{DFC711AA-3E63-40D1-ADA6-937609A9C42D}.Release|Any CPU.ActiveCfg = Release|Any CPU
		{DFC711AA-3E63-40D1-ADA6-937609A9C42D}.Release|Any CPU.Build.0 = Release|Any CPU
		{DFC711AA-3E63-40D1-ADA6-937609A9C42D}.Release|x64.ActiveCfg = Release|Any CPU
		{DFC711AA-3E63-40D1-ADA6-937609A9C42D}.Release|x64.Build.0 = Release|Any CPU
		{DFC711AA-3E63-40D1-ADA6-937609A9C42D}.Release|x86.ActiveCfg = Release|Any CPU
		{DFC711AA-3E63-40D1-ADA6-937609A9C42D}.Release|x86.Build.0 = Release|Any CPU
		{3835D2FF-0F43-47AF-95FE-1A547FC61892}.Debug|Any CPU.ActiveCfg = Debug|Any CPU
		{3835D2FF-0F43-47AF-95FE-1A547FC61892}.Debug|Any CPU.Build.0 = Debug|Any CPU
		{3835D2FF-0F43-47AF-95FE-1A547FC61892}.Debug|x64.ActiveCfg = Debug|Any CPU
		{3835D2FF-0F43-47AF-95FE-1A547FC61892}.Debug|x64.Build.0 = Debug|Any CPU
		{3835D2FF-0F43-47AF-95FE-1A547FC61892}.Debug|x86.ActiveCfg = Debug|Any CPU
		{3835D2FF-0F43-47AF-95FE-1A547FC61892}.Debug|x86.Build.0 = Debug|Any CPU
		{3835D2FF-0F43-47AF-95FE-1A547FC61892}.Release|Any CPU.ActiveCfg = Release|Any CPU
		{3835D2FF-0F43-47AF-95FE-1A547FC61892}.Release|Any CPU.Build.0 = Release|Any CPU
		{3835D2FF-0F43-47AF-95FE-1A547FC61892}.Release|x64.ActiveCfg = Release|Any CPU
		{3835D2FF-0F43-47AF-95FE-1A547FC61892}.Release|x64.Build.0 = Release|Any CPU
		{3835D2FF-0F43-47AF-95FE-1A547FC61892}.Release|x86.ActiveCfg = Release|Any CPU
		{3835D2FF-0F43-47AF-95FE-1A547FC61892}.Release|x86.Build.0 = Release|Any CPU
		{24B7B6C6-C47E-4DCD-E56C-02C367E1DE66}.Debug|Any CPU.ActiveCfg = Debug|Any CPU
		{24B7B6C6-C47E-4DCD-E56C-02C367E1DE66}.Debug|Any CPU.Build.0 = Debug|Any CPU
		{24B7B6C6-C47E-4DCD-E56C-02C367E1DE66}.Debug|x64.ActiveCfg = Debug|Any CPU
		{24B7B6C6-C47E-4DCD-E56C-02C367E1DE66}.Debug|x64.Build.0 = Debug|Any CPU
		{24B7B6C6-C47E-4DCD-E56C-02C367E1DE66}.Debug|x86.ActiveCfg = Debug|Any CPU
		{24B7B6C6-C47E-4DCD-E56C-02C367E1DE66}.Debug|x86.Build.0 = Debug|Any CPU
		{24B7B6C6-C47E-4DCD-E56C-02C367E1DE66}.Release|Any CPU.ActiveCfg = Release|Any CPU
		{24B7B6C6-C47E-4DCD-E56C-02C367E1DE66}.Release|Any CPU.Build.0 = Release|Any CPU
		{24B7B6C6-C47E-4DCD-E56C-02C367E1DE66}.Release|x64.ActiveCfg = Release|Any CPU
		{24B7B6C6-C47E-4DCD-E56C-02C367E1DE66}.Release|x64.Build.0 = Release|Any CPU
		{24B7B6C6-C47E-4DCD-E56C-02C367E1DE66}.Release|x86.ActiveCfg = Release|Any CPU
		{24B7B6C6-C47E-4DCD-E56C-02C367E1DE66}.Release|x86.Build.0 = Release|Any CPU
		{EF55128D-D8F8-D57A-23D7-0184A6D6C6DC}.Debug|Any CPU.ActiveCfg = Debug|Any CPU
		{EF55128D-D8F8-D57A-23D7-0184A6D6C6DC}.Debug|Any CPU.Build.0 = Debug|Any CPU
		{EF55128D-D8F8-D57A-23D7-0184A6D6C6DC}.Debug|x64.ActiveCfg = Debug|Any CPU
		{EF55128D-D8F8-D57A-23D7-0184A6D6C6DC}.Debug|x64.Build.0 = Debug|Any CPU
		{EF55128D-D8F8-D57A-23D7-0184A6D6C6DC}.Debug|x86.ActiveCfg = Debug|Any CPU
		{EF55128D-D8F8-D57A-23D7-0184A6D6C6DC}.Debug|x86.Build.0 = Debug|Any CPU
		{EF55128D-D8F8-D57A-23D7-0184A6D6C6DC}.Release|Any CPU.ActiveCfg = Release|Any CPU
		{EF55128D-D8F8-D57A-23D7-0184A6D6C6DC}.Release|Any CPU.Build.0 = Release|Any CPU
		{EF55128D-D8F8-D57A-23D7-0184A6D6C6DC}.Release|x64.ActiveCfg = Release|Any CPU
		{EF55128D-D8F8-D57A-23D7-0184A6D6C6DC}.Release|x64.Build.0 = Release|Any CPU
		{EF55128D-D8F8-D57A-23D7-0184A6D6C6DC}.Release|x86.ActiveCfg = Release|Any CPU
		{EF55128D-D8F8-D57A-23D7-0184A6D6C6DC}.Release|x86.Build.0 = Release|Any CPU
	EndGlobalSection
	GlobalSection(SolutionProperties) = preSolution
		HideSolutionNode = FALSE
	EndGlobalSection
	GlobalSection(ExtensibilityGlobals) = postSolution
		SolutionGuid = {69101BB2-A3F3-4EBE-A873-4993B20590B0}
	EndGlobalSection
EndGlobal
